
Microsoft Visual Studio Solution File, Format Version 12.00
# Visual Studio Version 16
VisualStudioVersion = 16.0.29102.190
MinimumVisualStudioVersion = 10.0.40219.1
Project("{FAE04EC0-301F-11D3-BF4B-00C04F79EFBC}") = "CookingApp.Android", "CookingApp\CookingApp.Android\CookingApp.Android.csproj", "{BAD18DFD-1820-4278-9979-1AB00F4977D9}"
EndProject
Project("{FAE04EC0-301F-11D3-BF4B-00C04F79EFBC}") = "CookingApp.iOS", "CookingApp\CookingApp.iOS\CookingApp.iOS.csproj", "{86131F0A-F83E-4715-B4FD-4F0068AE42A6}"
EndProject
Project("{9A19103F-16F7-4668-BE54-9A1E7A4F7556}") = "CookingApp", "CookingApp\CookingApp\CookingApp.csproj", "{342DEFB6-DC3E-41A6-BBF0-8C3AC18C72BD}"
EndProject
Global
	GlobalSection(SolutionConfigurationPlatforms) = preSolution
		Debug|Any CPU = Debug|Any CPU
		Debug|iPhone = Debug|iPhone
		Debug|iPhoneSimulator = Debug|iPhoneSimulator
		Release|Any CPU = Release|Any CPU
		Release|iPhone = Release|iPhone
		Release|iPhoneSimulator = Release|iPhoneSimulator
	EndGlobalSection
	GlobalSection(ProjectConfigurationPlatforms) = postSolution
		{BAD18DFD-1820-4278-9979-1AB00F4977D9}.Debug|Any CPU.ActiveCfg = Debug|Any CPU
		{BAD18DFD-1820-4278-9979-1AB00F4977D9}.Debug|Any CPU.Build.0 = Debug|Any CPU
		{BAD18DFD-1820-4278-9979-1AB00F4977D9}.Debug|Any CPU.Deploy.0 = Debug|Any CPU
		{BAD18DFD-1820-4278-9979-1AB00F4977D9}.Debug|iPhone.ActiveCfg = Debug|Any CPU
		{BAD18DFD-1820-4278-9979-1AB00F4977D9}.Debug|iPhone.Build.0 = Debug|Any CPU
		{BAD18DFD-1820-4278-9979-1AB00F4977D9}.Debug|iPhone.Deploy.0 = Debug|Any CPU
		{BAD18DFD-1820-4278-9979-1AB00F4977D9}.Debug|iPhoneSimulator.ActiveCfg = Debug|Any CPU
		{BAD18DFD-1820-4278-9979-1AB00F4977D9}.Debug|iPhoneSimulator.Build.0 = Debug|Any CPU
		{BAD18DFD-1820-4278-9979-1AB00F4977D9}.Debug|iPhoneSimulator.Deploy.0 = Debug|Any CPU
		{BAD18DFD-1820-4278-9979-1AB00F4977D9}.Release|Any CPU.ActiveCfg = Release|Any CPU
		{BAD18DFD-1820-4278-9979-1AB00F4977D9}.Release|Any CPU.Build.0 = Release|Any CPU
		{BAD18DFD-1820-4278-9979-1AB00F4977D9}.Release|Any CPU.Deploy.0 = Release|Any CPU
		{BAD18DFD-1820-4278-9979-1AB00F4977D9}.Release|iPhone.ActiveCfg = Release|Any CPU
		{BAD18DFD-1820-4278-9979-1AB00F4977D9}.Release|iPhone.Build.0 = Release|Any CPU
		{BAD18DFD-1820-4278-9979-1AB00F4977D9}.Release|iPhone.Deploy.0 = Release|Any CPU
		{BAD18DFD-1820-4278-9979-1AB00F4977D9}.Release|iPhoneSimulator.ActiveCfg = Release|Any CPU
		{BAD18DFD-1820-4278-9979-1AB00F4977D9}.Release|iPhoneSimulator.Build.0 = Release|Any CPU
		{BAD18DFD-1820-4278-9979-1AB00F4977D9}.Release|iPhoneSimulator.Deploy.0 = Release|Any CPU
		{86131F0A-F83E-4715-B4FD-4F0068AE42A6}.Debug|Any CPU.ActiveCfg = Debug|iPhoneSimulator
		{86131F0A-F83E-4715-B4FD-4F0068AE42A6}.Debug|Any CPU.Build.0 = Debug|iPhoneSimulator
		{86131F0A-F83E-4715-B4FD-4F0068AE42A6}.Debug|Any CPU.Deploy.0 = Debug|iPhoneSimulator
		{86131F0A-F83E-4715-B4FD-4F0068AE42A6}.Debug|iPhone.ActiveCfg = Debug|iPhone
		{86131F0A-F83E-4715-B4FD-4F0068AE42A6}.Debug|iPhone.Build.0 = Debug|iPhone
		{86131F0A-F83E-4715-B4FD-4F0068AE42A6}.Debug|iPhone.Deploy.0 = Debug|iPhone
		{86131F0A-F83E-4715-B4FD-4F0068AE42A6}.Debug|iPhoneSimulator.ActiveCfg = Debug|iPhoneSimulator
		{86131F0A-F83E-4715-B4FD-4F0068AE42A6}.Debug|iPhoneSimulator.Build.0 = Debug|iPhoneSimulator
		{86131F0A-F83E-4715-B4FD-4F0068AE42A6}.Debug|iPhoneSimulator.Deploy.0 = Debug|iPhoneSimulator
		{86131F0A-F83E-4715-B4FD-4F0068AE42A6}.Release|Any CPU.ActiveCfg = Release|iPhone
		{86131F0A-F83E-4715-B4FD-4F0068AE42A6}.Release|Any CPU.Build.0 = Release|iPhone
		{86131F0A-F83E-4715-B4FD-4F0068AE42A6}.Release|Any CPU.Deploy.0 = Release|iPhone
		{86131F0A-F83E-4715-B4FD-4F0068AE42A6}.Release|iPhone.ActiveCfg = Release|iPhone
		{86131F0A-F83E-4715-B4FD-4F0068AE42A6}.Release|iPhone.Build.0 = Release|iPhone
		{86131F0A-F83E-4715-B4FD-4F0068AE42A6}.Release|iPhone.Deploy.0 = Release|iPhone
		{86131F0A-F83E-4715-B4FD-4F0068AE42A6}.Release|iPhoneSimulator.ActiveCfg = Release|iPhoneSimulator
		{86131F0A-F83E-4715-B4FD-4F0068AE42A6}.Release|iPhoneSimulator.Build.0 = Release|iPhoneSimulator
		{86131F0A-F83E-4715-B4FD-4F0068AE42A6}.Release|iPhoneSimulator.Deploy.0 = Release|iPhoneSimulator
		{342DEFB6-DC3E-41A6-BBF0-8C3AC18C72BD}.Debug|Any CPU.ActiveCfg = Debug|Any CPU
		{342DEFB6-DC3E-41A6-BBF0-8C3AC18C72BD}.Debug|Any CPU.Build.0 = Debug|Any CPU
		{342DEFB6-DC3E-41A6-BBF0-8C3AC18C72BD}.Debug|Any CPU.Deploy.0 = Debug|Any CPU
		{342DEFB6-DC3E-41A6-BBF0-8C3AC18C72BD}.Debug|iPhone.ActiveCfg = Debug|Any CPU
		{342DEFB6-DC3E-41A6-BBF0-8C3AC18C72BD}.Debug|iPhone.Build.0 = Debug|Any CPU
		{342DEFB6-DC3E-41A6-BBF0-8C3AC18C72BD}.Debug|iPhone.Deploy.0 = Debug|Any CPU
		{342DEFB6-DC3E-41A6-BBF0-8C3AC18C72BD}.Debug|iPhoneSimulator.ActiveCfg = Debug|Any CPU
		{342DEFB6-DC3E-41A6-BBF0-8C3AC18C72BD}.Debug|iPhoneSimulator.Build.0 = Debug|Any CPU
		{342DEFB6-DC3E-41A6-BBF0-8C3AC18C72BD}.Debug|iPhoneSimulator.Deploy.0 = Debug|Any CPU
		{342DEFB6-DC3E-41A6-BBF0-8C3AC18C72BD}.Release|Any CPU.ActiveCfg = Release|Any CPU
		{342DEFB6-DC3E-41A6-BBF0-8C3AC18C72BD}.Release|Any CPU.Build.0 = Release|Any CPU
		{342DEFB6-DC3E-41A6-BBF0-8C3AC18C72BD}.Release|Any CPU.Deploy.0 = Release|Any CPU
		{342DEFB6-DC3E-41A6-BBF0-8C3AC18C72BD}.Release|iPhone.ActiveCfg = Release|Any CPU
		{342DEFB6-DC3E-41A6-BBF0-8C3AC18C72BD}.Release|iPhone.Build.0 = Release|Any CPU
		{342DEFB6-DC3E-41A6-BBF0-8C3AC18C72BD}.Release|iPhone.Deploy.0 = Release|Any CPU
		{342DEFB6-DC3E-41A6-BBF0-8C3AC18C72BD}.Release|iPhoneSimulator.ActiveCfg = Release|Any CPU
		{342DEFB6-DC3E-41A6-BBF0-8C3AC18C72BD}.Release|iPhoneSimulator.Build.0 = Release|Any CPU
		{342DEFB6-DC3E-41A6-BBF0-8C3AC18C72BD}.Release|iPhoneSimulator.Deploy.0 = Release|Any CPU
	EndGlobalSection
	GlobalSection(SolutionProperties) = preSolution
		HideSolutionNode = FALSE
	EndGlobalSection
	GlobalSection(ExtensibilityGlobals) = postSolution
		SolutionGuid = {EC2AB8A7-BE4B-4E98-8A9F-8678B00DDD48}
	EndGlobalSection
EndGlobal
